
Microsoft Visual Studio Solution File, Format Version 12.00
# Visual Studio 15
VisualStudioVersion = 15.0.27004.2009
MinimumVisualStudioVersion = 10.0.40219.1
Project("{FAE04EC0-301F-11D3-BF4B-00C04F79EFBC}") = "LojaAppApi", "LojaAppApi\LojaAppApi.csproj", "{33AE09DB-7D1F-4121-BE66-576425FB5186}"
EndProject
Global
	GlobalSection(SolutionConfigurationPlatforms) = preSolution
		Debug|Any CPU = Debug|Any CPU
		Release|Any CPU = Release|Any CPU
	EndGlobalSection
	GlobalSection(ProjectConfigurationPlatforms) = postSolution
		{33AE09DB-7D1F-4121-BE66-576425FB5186}.Debug|Any CPU.ActiveCfg = Debug|Any CPU
		{33AE09DB-7D1F-4121-BE66-576425FB5186}.Debug|Any CPU.Build.0 = Debug|Any CPU
		{33AE09DB-7D1F-4121-BE66-576425FB5186}.Release|Any CPU.ActiveCfg = Release|Any CPU
		{33AE09DB-7D1F-4121-BE66-576425FB5186}.Release|Any CPU.Build.0 = Release|Any CPU
	EndGlobalSection
	GlobalSection(SolutionProperties) = preSolution
		HideSolutionNode = FALSE
	EndGlobalSection
	GlobalSection(ExtensibilityGlobals) = postSolution
		SolutionGuid = {B5EBD9C2-04E6-47D0-8C3F-7D8BE2A4C237}
	EndGlobalSection
EndGlobal
